// !$*UTF8*$!
{
	archiveVersion = 1;
	classes = {
	};
	objectVersion = 50;
	objects = {

/* Begin PBXBuildFile section */
		39331F1224913738006446F6 /* AppDelegate.swift in Sources */ = {isa = PBXBuildFile; fileRef = 39331F1124913738006446F6 /* AppDelegate.swift */; };
		39331F1424913738006446F6 /* SceneDelegate.swift in Sources */ = {isa = PBXBuildFile; fileRef = 39331F1324913738006446F6 /* SceneDelegate.swift */; };
		39331F1B2491373D006446F6 /* Assets.xcassets in Resources */ = {isa = PBXBuildFile; fileRef = 39331F1A2491373D006446F6 /* Assets.xcassets */; };
		39331F1E2491373D006446F6 /* LaunchScreen.storyboard in Resources */ = {isa = PBXBuildFile; fileRef = 39331F1C2491373D006446F6 /* LaunchScreen.storyboard */; };
		39331F292491373D006446F6 /* ClinicMaskDemoTests.swift in Sources */ = {isa = PBXBuildFile; fileRef = 39331F282491373D006446F6 /* ClinicMaskDemoTests.swift */; };
		5F4B58EF34E1FEB484805E0D /* Pods_ClinicMaskDemo.framework in Frameworks */ = {isa = PBXBuildFile; fileRef = E5C011FB9B69C5362D235D08 /* Pods_ClinicMaskDemo.framework */; };
		DA77FB436CB528EED90C2992 /* Pods_ClinicMaskDemoTests.framework in Frameworks */ = {isa = PBXBuildFile; fileRef = 55B35AE523A39FCB88B4CA78 /* Pods_ClinicMaskDemoTests.framework */; };
/* End PBXBuildFile section */

/* Begin PBXContainerItemProxy section */
		39331F252491373D006446F6 /* PBXContainerItemProxy */ = {
			isa = PBXContainerItemProxy;
			containerPortal = 39331F0624913738006446F6 /* Project object */;
			proxyType = 1;
			remoteGlobalIDString = 39331F0D24913738006446F6;
			remoteInfo = ClinicMaskDemo;
		};
/* End PBXContainerItemProxy section */

/* Begin PBXFileReference section */
		39331F0E24913738006446F6 /* ClinicMaskDemo.app */ = {isa = PBXFileReference; explicitFileType = wrapper.application; includeInIndex = 0; path = ClinicMaskDemo.app; sourceTree = BUILT_PRODUCTS_DIR; };
		39331F1124913738006446F6 /* AppDelegate.swift */ = {isa = PBXFileReference; lastKnownFileType = sourcecode.swift; path = AppDelegate.swift; sourceTree = "<group>"; };
		39331F1324913738006446F6 /* SceneDelegate.swift */ = {isa = PBXFileReference; lastKnownFileType = sourcecode.swift; path = SceneDelegate.swift; sourceTree = "<group>"; };
		39331F1A2491373D006446F6 /* Assets.xcassets */ = {isa = PBXFileReference; lastKnownFileType = folder.assetcatalog; path = Assets.xcassets; sourceTree = "<group>"; };
		39331F1D2491373D006446F6 /* Base */ = {isa = PBXFileReference; lastKnownFileType = file.storyboard; name = Base; path = Base.lproj/LaunchScreen.storyboard; sourceTree = "<group>"; };
		39331F1F2491373D006446F6 /* Info.plist */ = {isa = PBXFileReference; lastKnownFileType = text.plist.xml; path = Info.plist; sourceTree = "<group>"; };
		39331F242491373D006446F6 /* ClinicMaskDemoTests.xctest */ = {isa = PBXFileReference; explicitFileType = wrapper.cfbundle; includeInIndex = 0; path = ClinicMaskDemoTests.xctest; sourceTree = BUILT_PRODUCTS_DIR; };
		39331F282491373D006446F6 /* ClinicMaskDemoTests.swift */ = {isa = PBXFileReference; lastKnownFileType = sourcecode.swift; path = ClinicMaskDemoTests.swift; sourceTree = "<group>"; };
		39331F2A2491373D006446F6 /* Info.plist */ = {isa = PBXFileReference; lastKnownFileType = text.plist.xml; path = Info.plist; sourceTree = "<group>"; };
		55B35AE523A39FCB88B4CA78 /* Pods_ClinicMaskDemoTests.framework */ = {isa = PBXFileReference; explicitFileType = wrapper.framework; includeInIndex = 0; path = Pods_ClinicMaskDemoTests.framework; sourceTree = BUILT_PRODUCTS_DIR; };
		88FCF8A28842CC2A684CE6AA /* Pods-ClinicMaskDemo.release.xcconfig */ = {isa = PBXFileReference; includeInIndex = 1; lastKnownFileType = text.xcconfig; name = "Pods-ClinicMaskDemo.release.xcconfig"; path = "Target Support Files/Pods-ClinicMaskDemo/Pods-ClinicMaskDemo.release.xcconfig"; sourceTree = "<group>"; };
		984D78633DAB2A65717AF0C1 /* Pods-ClinicMaskDemoTests.release.xcconfig */ = {isa = PBXFileReference; includeInIndex = 1; lastKnownFileType = text.xcconfig; name = "Pods-ClinicMaskDemoTests.release.xcconfig"; path = "Target Support Files/Pods-ClinicMaskDemoTests/Pods-ClinicMaskDemoTests.release.xcconfig"; sourceTree = "<group>"; };
		B0D781E03A97252006AA6289 /* Pods-ClinicMaskDemoTests.debug.xcconfig */ = {isa = PBXFileReference; includeInIndex = 1; lastKnownFileType = text.xcconfig; name = "Pods-ClinicMaskDemoTests.debug.xcconfig"; path = "Target Support Files/Pods-ClinicMaskDemoTests/Pods-ClinicMaskDemoTests.debug.xcconfig"; sourceTree = "<group>"; };
		D19C336B4E64BD7E2193390D /* Pods-ClinicMaskDemo.debug.xcconfig */ = {isa = PBXFileReference; includeInIndex = 1; lastKnownFileType = text.xcconfig; name = "Pods-ClinicMaskDemo.debug.xcconfig"; path = "Target Support Files/Pods-ClinicMaskDemo/Pods-ClinicMaskDemo.debug.xcconfig"; sourceTree = "<group>"; };
		E5C011FB9B69C5362D235D08 /* Pods_ClinicMaskDemo.framework */ = {isa = PBXFileReference; explicitFileType = wrapper.framework; includeInIndex = 0; path = Pods_ClinicMaskDemo.framework; sourceTree = BUILT_PRODUCTS_DIR; };
/* End PBXFileReference section */

/* Begin PBXFrameworksBuildPhase section */
		39331F0B24913738006446F6 /* Frameworks */ = {
			isa = PBXFrameworksBuildPhase;
			buildActionMask = 2147483647;
			files = (
				5F4B58EF34E1FEB484805E0D /* Pods_ClinicMaskDemo.framework in Frameworks */,
			);
			runOnlyForDeploymentPostprocessing = 0;
		};
		39331F212491373D006446F6 /* Frameworks */ = {
			isa = PBXFrameworksBuildPhase;
			buildActionMask = 2147483647;
			files = (
				DA77FB436CB528EED90C2992 /* Pods_ClinicMaskDemoTests.framework in Frameworks */,
			);
			runOnlyForDeploymentPostprocessing = 0;
		};
/* End PBXFrameworksBuildPhase section */

/* Begin PBXGroup section */
		39331F0524913738006446F6 = {
			isa = PBXGroup;
			children = (
				39331F1024913738006446F6 /* ClinicMaskDemo */,
				39331F272491373D006446F6 /* ClinicMaskDemoTests */,
				39331F0F24913738006446F6 /* Products */,
				D2CC646B503FED2BA69008BE /* Pods */,
				D2ADC47098E0CFD59A3AA219 /* Frameworks */,
			);
			sourceTree = "<group>";
		};
		39331F0F24913738006446F6 /* Products */ = {
			isa = PBXGroup;
			children = (
				39331F0E24913738006446F6 /* ClinicMaskDemo.app */,
				39331F242491373D006446F6 /* ClinicMaskDemoTests.xctest */,
			);
			name = Products;
			sourceTree = "<group>";
		};
		39331F1024913738006446F6 /* ClinicMaskDemo */ = {
			isa = PBXGroup;
			children = (
				39331F1124913738006446F6 /* AppDelegate.swift */,
				39331F1324913738006446F6 /* SceneDelegate.swift */,
				39331F1A2491373D006446F6 /* Assets.xcassets */,
				39331F1C2491373D006446F6 /* LaunchScreen.storyboard */,
				39331F1F2491373D006446F6 /* Info.plist */,
			);
			path = ClinicMaskDemo;
			sourceTree = "<group>";
		};
		39331F272491373D006446F6 /* ClinicMaskDemoTests */ = {
			isa = PBXGroup;
			children = (
				39331F282491373D006446F6 /* ClinicMaskDemoTests.swift */,
				39331F2A2491373D006446F6 /* Info.plist */,
			);
			path = ClinicMaskDemoTests;
			sourceTree = "<group>";
		};
		D2ADC47098E0CFD59A3AA219 /* Frameworks */ = {
			isa = PBXGroup;
			children = (
				E5C011FB9B69C5362D235D08 /* Pods_ClinicMaskDemo.framework */,
				55B35AE523A39FCB88B4CA78 /* Pods_ClinicMaskDemoTests.framework */,
			);
			name = Frameworks;
			sourceTree = "<group>";
		};
		D2CC646B503FED2BA69008BE /* Pods */ = {
			isa = PBXGroup;
			children = (
				D19C336B4E64BD7E2193390D /* Pods-ClinicMaskDemo.debug.xcconfig */,
				88FCF8A28842CC2A684CE6AA /* Pods-ClinicMaskDemo.release.xcconfig */,
				B0D781E03A97252006AA6289 /* Pods-ClinicMaskDemoTests.debug.xcconfig */,
				984D78633DAB2A65717AF0C1 /* Pods-ClinicMaskDemoTests.release.xcconfig */,
			);
			name = Pods;
			path = Pods;
			sourceTree = "<group>";
		};
/* End PBXGroup section */

/* Begin PBXNativeTarget section */
		39331F0D24913738006446F6 /* ClinicMaskDemo */ = {
			isa = PBXNativeTarget;
			buildConfigurationList = 39331F2D2491373D006446F6 /* Build configuration list for PBXNativeTarget "ClinicMaskDemo" */;
			buildPhases = (
				E6186E6944F9BC2A3C6DBB23 /* [CP] Check Pods Manifest.lock */,
				39331F0A24913738006446F6 /* Sources */,
				39331F0B24913738006446F6 /* Frameworks */,
				39331F0C24913738006446F6 /* Resources */,
				F3C09199CFD944DF70D983B7 /* [CP] Embed Pods Frameworks */,
			);
			buildRules = (
			);
			dependencies = (
			);
			name = ClinicMaskDemo;
			productName = ClinicMaskDemo;
			productReference = 39331F0E24913738006446F6 /* ClinicMaskDemo.app */;
			productType = "com.apple.product-type.application";
		};
		39331F232491373D006446F6 /* ClinicMaskDemoTests */ = {
			isa = PBXNativeTarget;
			buildConfigurationList = 39331F302491373D006446F6 /* Build configuration list for PBXNativeTarget "ClinicMaskDemoTests" */;
			buildPhases = (
				D7D53501F6D89B8C23BB10BF /* [CP] Check Pods Manifest.lock */,
				39331F202491373D006446F6 /* Sources */,
				39331F212491373D006446F6 /* Frameworks */,
				39331F222491373D006446F6 /* Resources */,
			);
			buildRules = (
			);
			dependencies = (
				39331F262491373D006446F6 /* PBXTargetDependency */,
			);
			name = ClinicMaskDemoTests;
			productName = ClinicMaskDemoTests;
			productReference = 39331F242491373D006446F6 /* ClinicMaskDemoTests.xctest */;
			productType = "com.apple.product-type.bundle.unit-test";
		};
/* End PBXNativeTarget section */

/* Begin PBXProject section */
		39331F0624913738006446F6 /* Project object */ = {
			isa = PBXProject;
			attributes = {
				LastSwiftUpdateCheck = 1150;
				LastUpgradeCheck = 1150;
				ORGANIZATIONNAME = Min;
				TargetAttributes = {
					39331F0D24913738006446F6 = {
						CreatedOnToolsVersion = 11.5;
					};
					39331F232491373D006446F6 = {
						CreatedOnToolsVersion = 11.5;
						TestTargetID = 39331F0D24913738006446F6;
					};
				};
			};
			buildConfigurationList = 39331F0924913738006446F6 /* Build configuration list for PBXProject "ClinicMaskDemo" */;
			compatibilityVersion = "Xcode 9.3";
			developmentRegion = en;
			hasScannedForEncodings = 0;
			knownRegions = (
				en,
				Base,
			);
			mainGroup = 39331F0524913738006446F6;
			productRefGroup = 39331F0F24913738006446F6 /* Products */;
			projectDirPath = "";
			projectRoot = "";
			targets = (
				39331F0D24913738006446F6 /* ClinicMaskDemo */,
				39331F232491373D006446F6 /* ClinicMaskDemoTests */,
			);
		};
/* End PBXProject section */

/* Begin PBXResourcesBuildPhase section */
		39331F0C24913738006446F6 /* Resources */ = {
			isa = PBXResourcesBuildPhase;
			buildActionMask = 2147483647;
			files = (
				39331F1E2491373D006446F6 /* LaunchScreen.storyboard in Resources */,
				39331F1B2491373D006446F6 /* Assets.xcassets in Resources */,
			);
			runOnlyForDeploymentPostprocessing = 0;
		};
		39331F222491373D006446F6 /* Resources */ = {
			isa = PBXResourcesBuildPhase;
			buildActionMask = 2147483647;
			files = (
			);
			runOnlyForDeploymentPostprocessing = 0;
		};
/* End PBXResourcesBuildPhase section */

/* Begin PBXShellScriptBuildPhase section */
		D7D53501F6D89B8C23BB10BF /* [CP] Check Pods Manifest.lock */ = {
			isa = PBXShellScriptBuildPhase;
			buildActionMask = 2147483647;
			files = (
			);
			inputFileListPaths = (
			);
			inputPaths = (
				"${PODS_PODFILE_DIR_PATH}/Podfile.lock",
				"${PODS_ROOT}/Manifest.lock",
			);
			name = "[CP] Check Pods Manifest.lock";
			outputFileListPaths = (
			);
			outputPaths = (
				"$(DERIVED_FILE_DIR)/Pods-ClinicMaskDemoTests-checkManifestLockResult.txt",
			);
			runOnlyForDeploymentPostprocessing = 0;
			shellPath = /bin/sh;
			shellScript = "diff \"${PODS_PODFILE_DIR_PATH}/Podfile.lock\" \"${PODS_ROOT}/Manifest.lock\" > /dev/null\nif [ $? != 0 ] ; then\n    # print error to STDERR\n    echo \"error: The sandbox is not in sync with the Podfile.lock. Run 'pod install' or update your CocoaPods installation.\" >&2\n    exit 1\nfi\n# This output is used by Xcode 'outputs' to avoid re-running this script phase.\necho \"SUCCESS\" > \"${SCRIPT_OUTPUT_FILE_0}\"\n";
			showEnvVarsInLog = 0;
		};
		E6186E6944F9BC2A3C6DBB23 /* [CP] Check Pods Manifest.lock */ = {
			isa = PBXShellScriptBuildPhase;
			buildActionMask = 2147483647;
			files = (
			);
			inputFileListPaths = (
			);
			inputPaths = (
				"${PODS_PODFILE_DIR_PATH}/Podfile.lock",
				"${PODS_ROOT}/Manifest.lock",
			);
			name = "[CP] Check Pods Manifest.lock";
			outputFileListPaths = (
			);
			outputPaths = (
				"$(DERIVED_FILE_DIR)/Pods-ClinicMaskDemo-checkManifestLockResult.txt",
			);
			runOnlyForDeploymentPostprocessing = 0;
			shellPath = /bin/sh;
			shellScript = "diff \"${PODS_PODFILE_DIR_PATH}/Podfile.lock\" \"${PODS_ROOT}/Manifest.lock\" > /dev/null\nif [ $? != 0 ] ; then\n    # print error to STDERR\n    echo \"error: The sandbox is not in sync with the Podfile.lock. Run 'pod install' or update your CocoaPods installation.\" >&2\n    exit 1\nfi\n# This output is used by Xcode 'outputs' to avoid re-running this script phase.\necho \"SUCCESS\" > \"${SCRIPT_OUTPUT_FILE_0}\"\n";
			showEnvVarsInLog = 0;
		};
		F3C09199CFD944DF70D983B7 /* [CP] Embed Pods Frameworks */ = {
			isa = PBXShellScriptBuildPhase;
			buildActionMask = 2147483647;
			files = (
			);
			inputFileListPaths = (
				"${PODS_ROOT}/Target Support Files/Pods-ClinicMaskDemo/Pods-ClinicMaskDemo-frameworks-${CONFIGURATION}-input-files.xcfilelist",
			);
			name = "[CP] Embed Pods Frameworks";
			outputFileListPaths = (
				"${PODS_ROOT}/Target Support Files/Pods-ClinicMaskDemo/Pods-ClinicMaskDemo-frameworks-${CONFIGURATION}-output-files.xcfilelist",
			);
			runOnlyForDeploymentPostprocessing = 0;
			shellPath = /bin/sh;
			shellScript = "\"${PODS_ROOT}/Target Support Files/Pods-ClinicMaskDemo/Pods-ClinicMaskDemo-frameworks.sh\"\n";
			showEnvVarsInLog = 0;
		};
/* End PBXShellScriptBuildPhase section */

/* Begin PBXSourcesBuildPhase section */
		39331F0A24913738006446F6 /* Sources */ = {
			isa = PBXSourcesBuildPhase;
			buildActionMask = 2147483647;
			files = (
				39331F1224913738006446F6 /* AppDelegate.swift in Sources */,
				39331F1424913738006446F6 /* SceneDelegate.swift in Sources */,
			);
			runOnlyForDeploymentPostprocessing = 0;
		};
		39331F202491373D006446F6 /* Sources */ = {
			isa = PBXSourcesBuildPhase;
			buildActionMask = 2147483647;
			files = (
				39331F292491373D006446F6 /* ClinicMaskDemoTests.swift in Sources */,
			);
			runOnlyForDeploymentPostprocessing = 0;
		};
/* End PBXSourcesBuildPhase section */

/* Begin PBXTargetDependency section */
		39331F262491373D006446F6 /* PBXTargetDependency */ = {
			isa = PBXTargetDependency;
			target = 39331F0D24913738006446F6 /* ClinicMaskDemo */;
			targetProxy = 39331F252491373D006446F6 /* PBXContainerItemProxy */;
		};
/* End PBXTargetDependency section */

/* Begin PBXVariantGroup section */
		39331F1C2491373D006446F6 /* LaunchScreen.storyboard */ = {
			isa = PBXVariantGroup;
			children = (
				39331F1D2491373D006446F6 /* Base */,
			);
			name = LaunchScreen.storyboard;
			sourceTree = "<group>";
		};
/* End PBXVariantGroup section */

/* Begin XCBuildConfiguration section */
		39331F2B2491373D006446F6 /* Debug */ = {
			isa = XCBuildConfiguration;
			buildSettings = {
				ALWAYS_SEARCH_USER_PATHS = NO;
				CLANG_ANALYZER_NONNULL = YES;
				CLANG_ANALYZER_NUMBER_OBJECT_CONVERSION = YES_AGGRESSIVE;
				CLANG_CXX_LANGUAGE_STANDARD = "gnu++14";
				CLANG_CXX_LIBRARY = "libc++";
				CLANG_ENABLE_MODULES = YES;
				CLANG_ENABLE_OBJC_ARC = YES;
				CLANG_ENABLE_OBJC_WEAK = YES;
				CLANG_WARN_BLOCK_CAPTURE_AUTORELEASING = YES;
				CLANG_WARN_BOOL_CONVERSION = YES;
				CLANG_WARN_COMMA = YES;
				CLANG_WARN_CONSTANT_CONVERSION = YES;
				CLANG_WARN_DEPRECATED_OBJC_IMPLEMENTATIONS = YES;
				CLANG_WARN_DIRECT_OBJC_ISA_USAGE = YES_ERROR;
				CLANG_WARN_DOCUMENTATION_COMMENTS = YES;
				CLANG_WARN_EMPTY_BODY = YES;
				CLANG_WARN_ENUM_CONVERSION = YES;
				CLANG_WARN_INFINITE_RECURSION = YES;
				CLANG_WARN_INT_CONVERSION = YES;
				CLANG_WARN_NON_LITERAL_NULL_CONVERSION = YES;
				CLANG_WARN_OBJC_IMPLICIT_RETAIN_SELF = YES;
				CLANG_WARN_OBJC_LITERAL_CONVERSION = YES;
				CLANG_WARN_OBJC_ROOT_CLASS = YES_ERROR;
				CLANG_WARN_RANGE_LOOP_ANALYSIS = YES;
				CLANG_WARN_STRICT_PROTOTYPES = YES;
				CLANG_WARN_SUSPICIOUS_MOVE = YES;
				CLANG_WARN_UNGUARDED_AVAILABILITY = YES_AGGRESSIVE;
				CLANG_WARN_UNREACHABLE_CODE = YES;
				CLANG_WARN__DUPLICATE_METHOD_MATCH = YES;
				COPY_PHASE_STRIP = NO;
				DEBUG_INFORMATION_FORMAT = dwarf;
				ENABLE_STRICT_OBJC_MSGSEND = YES;
				ENABLE_TESTABILITY = YES;
				GCC_C_LANGUAGE_STANDARD = gnu11;
				GCC_DYNAMIC_NO_PIC = NO;
				GCC_NO_COMMON_BLOCKS = YES;
				GCC_OPTIMIZATION_LEVEL = 0;
				GCC_PREPROCESSOR_DEFINITIONS = (
					"DEBUG=1",
					"$(inherited)",
				);
				GCC_WARN_64_TO_32_BIT_CONVERSION = YES;
				GCC_WARN_ABOUT_RETURN_TYPE = YES_ERROR;
				GCC_WARN_UNDECLARED_SELECTOR = YES;
				GCC_WARN_UNINITIALIZED_AUTOS = YES_AGGRESSIVE;
				GCC_WARN_UNUSED_FUNCTION = YES;
				GCC_WARN_UNUSED_VARIABLE = YES;
				IPHONEOS_DEPLOYMENT_TARGET = 13.5;
				MTL_ENABLE_DEBUG_INFO = INCLUDE_SOURCE;
				MTL_FAST_MATH = YES;
				ONLY_ACTIVE_ARCH = YES;
				SDKROOT = iphoneos;
				SWIFT_ACTIVE_COMPILATION_CONDITIONS = DEBUG;
				SWIFT_OPTIMIZATION_LEVEL = "-Onone";
			};
			name = Debug;
		};
		39331F2C2491373D006446F6 /* Release */ = {
			isa = XCBuildConfiguration;
			buildSettings = {
				ALWAYS_SEARCH_USER_PATHS = NO;
				CLANG_ANALYZER_NONNULL = YES;
				CLANG_ANALYZER_NUMBER_OBJECT_CONVERSION = YES_AGGRESSIVE;
				CLANG_CXX_LANGUAGE_STANDARD = "gnu++14";
				CLANG_CXX_LIBRARY = "libc++";
				CLANG_ENABLE_MODULES = YES;
				CLANG_ENABLE_OBJC_ARC = YES;
				CLANG_ENABLE_OBJC_WEAK = YES;
				CLANG_WARN_BLOCK_CAPTURE_AUTORELEASING = YES;
				CLANG_WARN_BOOL_CONVERSION = YES;
				CLANG_WARN_COMMA = YES;
				CLANG_WARN_CONSTANT_CONVERSION = YES;
				CLANG_WARN_DEPRECATED_OBJC_IMPLEMENTATIONS = YES;
				CLANG_WARN_DIRECT_OBJC_ISA_USAGE = YES_ERROR;
				CLANG_WARN_DOCUMENTATION_COMMENTS = YES;
				CLANG_WARN_EMPTY_BODY = YES;
				CLANG_WARN_ENUM_CONVERSION = YES;
				CLANG_WARN_INFINITE_RECURSION = YES;
				CLANG_WARN_INT_CONVERSION = YES;
				CLANG_WARN_NON_LITERAL_NULL_CONVERSION = YES;
				CLANG_WARN_OBJC_IMPLICIT_RETAIN_SELF = YES;
				CLANG_WARN_OBJC_LITERAL_CONVERSION = YES;
				CLANG_WARN_OBJC_ROOT_CLASS = YES_ERROR;
				CLANG_WARN_RANGE_LOOP_ANALYSIS = YES;
				CLANG_WARN_STRICT_PROTOTYPES = YES;
				CLANG_WARN_SUSPICIOUS_MOVE = YES;
				CLANG_WARN_UNGUARDED_AVAILABILITY = YES_AGGRESSIVE;
				CLANG_WARN_UNREACHABLE_CODE = YES;
				CLANG_WARN__DUPLICATE_METHOD_MATCH = YES;
				COPY_PHASE_STRIP = NO;
				DEBUG_INFORMATION_FORMAT = "dwarf-with-dsym";
				ENABLE_NS_ASSERTIONS = NO;
				ENABLE_STRICT_OBJC_MSGSEND = YES;
				GCC_C_LANGUAGE_STANDARD = gnu11;
				GCC_NO_COMMON_BLOCKS = YES;
				GCC_WARN_64_TO_32_BIT_CONVERSION = YES;
				GCC_WARN_ABOUT_RETURN_TYPE = YES_ERROR;
				GCC_WARN_UNDECLARED_SELECTOR = YES;
				GCC_WARN_UNINITIALIZED_AUTOS = YES_AGGRESSIVE;
				GCC_WARN_UNUSED_FUNCTION = YES;
				GCC_WARN_UNUSED_VARIABLE = YES;
				IPHONEOS_DEPLOYMENT_TARGET = 13.5;
				MTL_ENABLE_DEBUG_INFO = NO;
				MTL_FAST_MATH = YES;
				SDKROOT = iphoneos;
				SWIFT_COMPILATION_MODE = wholemodule;
				SWIFT_OPTIMIZATION_LEVEL = "-O";
				VALIDATE_PRODUCT = YES;
			};
			name = Release;
		};
		39331F2E2491373D006446F6 /* Debug */ = {
			isa = XCBuildConfiguration;
			baseConfigurationReference = D19C336B4E64BD7E2193390D /* Pods-ClinicMaskDemo.debug.xcconfig */;
			buildSettings = {
				ASSETCATALOG_COMPILER_APPICON_NAME = AppIcon;
				CODE_SIGN_STYLE = Automatic;
				DEVELOPMENT_TEAM = 2W4XUH8LUQ;
				INFOPLIST_FILE = ClinicMaskDemo/Info.plist;
				LD_RUNPATH_SEARCH_PATHS = (
					"$(inherited)",
					"@executable_path/Frameworks",
				);
				PRODUCT_BUNDLE_IDENTIFIER = com.min.ClinicMaskDemo;
				PRODUCT_NAME = "$(TARGET_NAME)";
				SWIFT_VERSION = 5.0;
				TARGETED_DEVICE_FAMILY = "1,2";
			};
			name = Debug;
		};
		39331F2F2491373D006446F6 /* Release */ = {
			isa = XCBuildConfiguration;
			baseConfigurationReference = 88FCF8A28842CC2A684CE6AA /* Pods-ClinicMaskDemo.release.xcconfig */;
			buildSettings = {
				ASSETCATALOG_COMPILER_APPICON_NAME = AppIcon;
				CODE_SIGN_STYLE = Automatic;
				DEVELOPMENT_TEAM = 2W4XUH8LUQ;
				INFOPLIST_FILE = ClinicMaskDemo/Info.plist;
				LD_RUNPATH_SEARCH_PATHS = (
					"$(inherited)",
					"@executable_path/Frameworks",
				);
				PRODUCT_BUNDLE_IDENTIFIER = com.min.ClinicMaskDemo;
				PRODUCT_NAME = "$(TARGET_NAME)";
				SWIFT_VERSION = 5.0;
				TARGETED_DEVICE_FAMILY = "1,2";
			};
			name = Release;
		};
		39331F312491373D006446F6 /* Debug */ = {
			isa = XCBuildConfiguration;
			baseConfigurationReference = B0D781E03A97252006AA6289 /* Pods-ClinicMaskDemoTests.debug.xcconfig */;
			buildSettings = {
				ALWAYS_EMBED_SWIFT_STANDARD_LIBRARIES = YES;
				BUNDLE_LOADER = "$(TEST_HOST)";
				CODE_SIGN_STYLE = Automatic;
				DEVELOPMENT_TEAM = 2W4XUH8LUQ;
				INFOPLIST_FILE = ClinicMaskDemoTests/Info.plist;
				IPHONEOS_DEPLOYMENT_TARGET = 13.5;
				LD_RUNPATH_SEARCH_PATHS = (
					"$(inherited)",
					"@executable_path/Frameworks",
					"@loader_path/Frameworks",
				);
				PRODUCT_BUNDLE_IDENTIFIER = com.min.ClinicMaskDemoTests;
				PRODUCT_NAME = "$(TARGET_NAME)";
				SWIFT_VERSION = 5.0;
				TARGETED_DEVICE_FAMILY = "1,2";
				TEST_HOST = "$(BUILT_PRODUCTS_DIR)/ClinicMaskDemo.app/ClinicMaskDemo";
			};
			name = Debug;
		};
		39331F322491373D006446F6 /* Release */ = {
			isa = XCBuildConfiguration;
			baseConfigurationReference = 984D78633DAB2A65717AF0C1 /* Pods-ClinicMaskDemoTests.release.xcconfig */;
			buildSettings = {
				ALWAYS_EMBED_SWIFT_STANDARD_LIBRARIES = YES;
				BUNDLE_LOADER = "$(TEST_HOST)";
				CODE_SIGN_STYLE = Automatic;
				DEVELOPMENT_TEAM = 2W4XUH8LUQ;
				INFOPLIST_FILE = ClinicMaskDemoTests/Info.plist;
				IPHONEOS_DEPLOYMENT_TARGET = 13.5;
				LD_RUNPATH_SEARCH_PATHS = (
					"$(inherited)",
					"@executable_path/Frameworks",
					"@loader_path/Frameworks",
				);
				PRODUCT_BUNDLE_IDENTIFIER = com.min.ClinicMaskDemoTests;
				PRODUCT_NAME = "$(TARGET_NAME)";
				SWIFT_VERSION = 5.0;
				TARGETED_DEVICE_FAMILY = "1,2";
				TEST_HOST = "$(BUILT_PRODUCTS_DIR)/ClinicMaskDemo.app/ClinicMaskDemo";
			};
			name = Release;
		};
/* End XCBuildConfiguration section */

/* Begin XCConfigurationList section */
		39331F0924913738006446F6 /* Build configuration list for PBXProject "ClinicMaskDemo" */ = {
			isa = XCConfigurationList;
			buildConfigurations = (
				39331F2B2491373D006446F6 /* Debug */,
				39331F2C2491373D006446F6 /* Release */,
			);
			defaultConfigurationIsVisible = 0;
			defaultConfigurationName = Release;
		};
		39331F2D2491373D006446F6 /* Build configuration list for PBXNativeTarget "ClinicMaskDemo" */ = {
			isa = XCConfigurationList;
			buildConfigurations = (
				39331F2E2491373D006446F6 /* Debug */,
				39331F2F2491373D006446F6 /* Release */,
			);
			defaultConfigurationIsVisible = 0;
			defaultConfigurationName = Release;
		};
		39331F302491373D006446F6 /* Build configuration list for PBXNativeTarget "ClinicMaskDemoTests" */ = {
			isa = XCConfigurationList;
			buildConfigurations = (
				39331F312491373D006446F6 /* Debug */,
				39331F322491373D006446F6 /* Release */,
			);
			defaultConfigurationIsVisible = 0;
			defaultConfigurationName = Release;
		};
/* End XCConfigurationList section */
	};
	rootObject = 39331F0624913738006446F6 /* Project object */;
}
